
Microsoft Visual Studio Solution File, Format Version 12.00
# Visual Studio Version 17
VisualStudioVersion = 17.0.31903.59
MinimumVisualStudioVersion = 10.0.40219.1
Project("{2150E333-8FDC-42A3-9474-1A3956D46DE8}") = "src", "src", "{827E0CD3-B72D-47B6-A68D-7590B98EB39B}"
EndProject
Project("{FAE04EC0-301F-11D3-BF4B-00C04F79EFBC}") = "AgentOrchestration.Core", "src\AgentOrchestration.Core\AgentOrchestration.Core.csproj", "{33C6882D-D309-4C59-9B52-86EF2C043E7B}"
EndProject
Project("{FAE04EC0-301F-11D3-BF4B-00C04F79EFBC}") = "AgentOrchestration.Agents", "src\AgentOrchestration.Agents\AgentOrchestration.Agents.csproj", "{4DC8CD09-024F-4A8C-91EA-27FC2B5EBC8F}"
EndProject
Project("{FAE04EC0-301F-11D3-BF4B-00C04F79EFBC}") = "AgentOrchestration.AI", "src\AgentOrchestration.AI\AgentOrchestration.AI.csproj", "{704B0254-4DF8-4C12-A85D-2E281B25D241}"
EndProject
Project("{FAE04EC0-301F-11D3-BF4B-00C04F79EFBC}") = "AgentOrchestration.CLI", "src\AgentOrchestration.CLI\AgentOrchestration.CLI.csproj", "{65D0D74C-34A0-46EA-92CF-1027B43E7365}"
EndProject
Global
	GlobalSection(SolutionConfigurationPlatforms) = preSolution
		Debug|Any CPU = Debug|Any CPU
		Debug|x64 = Debug|x64
		Debug|x86 = Debug|x86
		Release|Any CPU = Release|Any CPU
		Release|x64 = Release|x64
		Release|x86 = Release|x86
	EndGlobalSection
	GlobalSection(ProjectConfigurationPlatforms) = postSolution
		{33C6882D-D309-4C59-9B52-86EF2C043E7B}.Debug|Any CPU.ActiveCfg = Debug|Any CPU
		{33C6882D-D309-4C59-9B52-86EF2C043E7B}.Debug|Any CPU.Build.0 = Debug|Any CPU
		{33C6882D-D309-4C59-9B52-86EF2C043E7B}.Debug|x64.ActiveCfg = Debug|Any CPU
		{33C6882D-D309-4C59-9B52-86EF2C043E7B}.Debug|x64.Build.0 = Debug|Any CPU
		{33C6882D-D309-4C59-9B52-86EF2C043E7B}.Debug|x86.ActiveCfg = Debug|Any CPU
		{33C6882D-D309-4C59-9B52-86EF2C043E7B}.Debug|x86.Build.0 = Debug|Any CPU
		{33C6882D-D309-4C59-9B52-86EF2C043E7B}.Release|Any CPU.ActiveCfg = Release|Any CPU
		{33C6882D-D309-4C59-9B52-86EF2C043E7B}.Release|Any CPU.Build.0 = Release|Any CPU
		{33C6882D-D309-4C59-9B52-86EF2C043E7B}.Release|x64.ActiveCfg = Release|Any CPU
		{33C6882D-D309-4C59-9B52-86EF2C043E7B}.Release|x64.Build.0 = Release|Any CPU
		{33C6882D-D309-4C59-9B52-86EF2C043E7B}.Release|x86.ActiveCfg = Release|Any CPU
		{33C6882D-D309-4C59-9B52-86EF2C043E7B}.Release|x86.Build.0 = Release|Any CPU
		{4DC8CD09-024F-4A8C-91EA-27FC2B5EBC8F}.Debug|Any CPU.ActiveCfg = Debug|Any CPU
		{4DC8CD09-024F-4A8C-91EA-27FC2B5EBC8F}.Debug|Any CPU.Build.0 = Debug|Any CPU
		{4DC8CD09-024F-4A8C-91EA-27FC2B5EBC8F}.Debug|x64.ActiveCfg = Debug|Any CPU
		{4DC8CD09-024F-4A8C-91EA-27FC2B5EBC8F}.Debug|x64.Build.0 = Debug|Any CPU
		{4DC8CD09-024F-4A8C-91EA-27FC2B5EBC8F}.Debug|x86.ActiveCfg = Debug|Any CPU
		{4DC8CD09-024F-4A8C-91EA-27FC2B5EBC8F}.Debug|x86.Build.0 = Debug|Any CPU
		{4DC8CD09-024F-4A8C-91EA-27FC2B5EBC8F}.Release|Any CPU.ActiveCfg = Release|Any CPU
		{4DC8CD09-024F-4A8C-91EA-27FC2B5EBC8F}.Release|Any CPU.Build.0 = Release|Any CPU
		{4DC8CD09-024F-4A8C-91EA-27FC2B5EBC8F}.Release|x64.ActiveCfg = Release|Any CPU
		{4DC8CD09-024F-4A8C-91EA-27FC2B5EBC8F}.Release|x64.Build.0 = Release|Any CPU
		{4DC8CD09-024F-4A8C-91EA-27FC2B5EBC8F}.Release|x86.ActiveCfg = Release|Any CPU
		{4DC8CD09-024F-4A8C-91EA-27FC2B5EBC8F}.Release|x86.Build.0 = Release|Any CPU
		{704B0254-4DF8-4C12-A85D-2E281B25D241}.Debug|Any CPU.ActiveCfg = Debug|Any CPU
		{704B0254-4DF8-4C12-A85D-2E281B25D241}.Debug|Any CPU.Build.0 = Debug|Any CPU
		{704B0254-4DF8-4C12-A85D-2E281B25D241}.Debug|x64.ActiveCfg = Debug|Any CPU
		{704B0254-4DF8-4C12-A85D-2E281B25D241}.Debug|x64.Build.0 = Debug|Any CPU
		{704B0254-4DF8-4C12-A85D-2E281B25D241}.Debug|x86.ActiveCfg = Debug|Any CPU
		{704B0254-4DF8-4C12-A85D-2E281B25D241}.Debug|x86.Build.0 = Debug|Any CPU
		{704B0254-4DF8-4C12-A85D-2E281B25D241}.Release|Any CPU.ActiveCfg = Release|Any CPU
		{704B0254-4DF8-4C12-A85D-2E281B25D241}.Release|Any CPU.Build.0 = Release|Any CPU
		{704B0254-4DF8-4C12-A85D-2E281B25D241}.Release|x64.ActiveCfg = Release|Any CPU
		{704B0254-4DF8-4C12-A85D-2E281B25D241}.Release|x64.Build.0 = Release|Any CPU
		{704B0254-4DF8-4C12-A85D-2E281B25D241}.Release|x86.ActiveCfg = Release|Any CPU
		{704B0254-4DF8-4C12-A85D-2E281B25D241}.Release|x86.Build.0 = Release|Any CPU
		{65D0D74C-34A0-46EA-92CF-1027B43E7365}.Debug|Any CPU.ActiveCfg = Debug|Any CPU
		{65D0D74C-34A0-46EA-92CF-1027B43E7365}.Debug|Any CPU.Build.0 = Debug|Any CPU
		{65D0D74C-34A0-46EA-92CF-1027B43E7365}.Debug|x64.ActiveCfg = Debug|Any CPU
		{65D0D74C-34A0-46EA-92CF-1027B43E7365}.Debug|x64.Build.0 = Debug|Any CPU
		{65D0D74C-34A0-46EA-92CF-1027B43E7365}.Debug|x86.ActiveCfg = Debug|Any CPU
		{65D0D74C-34A0-46EA-92CF-1027B43E7365}.Debug|x86.Build.0 = Debug|Any CPU
		{65D0D74C-34A0-46EA-92CF-1027B43E7365}.Release|Any CPU.ActiveCfg = Release|Any CPU
		{65D0D74C-34A0-46EA-92CF-1027B43E7365}.Release|Any CPU.Build.0 = Release|Any CPU
		{65D0D74C-34A0-46EA-92CF-1027B43E7365}.Release|x64.ActiveCfg = Release|Any CPU
		{65D0D74C-34A0-46EA-92CF-1027B43E7365}.Release|x64.Build.0 = Release|Any CPU
		{65D0D74C-34A0-46EA-92CF-1027B43E7365}.Release|x86.ActiveCfg = Release|Any CPU
		{65D0D74C-34A0-46EA-92CF-1027B43E7365}.Release|x86.Build.0 = Release|Any CPU
	EndGlobalSection
	GlobalSection(SolutionProperties) = preSolution
		HideSolutionNode = FALSE
	EndGlobalSection
	GlobalSection(NestedProjects) = preSolution
		{33C6882D-D309-4C59-9B52-86EF2C043E7B} = {827E0CD3-B72D-47B6-A68D-7590B98EB39B}
		{4DC8CD09-024F-4A8C-91EA-27FC2B5EBC8F} = {827E0CD3-B72D-47B6-A68D-7590B98EB39B}
		{704B0254-4DF8-4C12-A85D-2E281B25D241} = {827E0CD3-B72D-47B6-A68D-7590B98EB39B}
		{65D0D74C-34A0-46EA-92CF-1027B43E7365} = {827E0CD3-B72D-47B6-A68D-7590B98EB39B}
	EndGlobalSection
EndGlobal
